
Microsoft Visual Studio Solution File, Format Version 12.00
# Visual Studio Version 17
VisualStudioVersion = 17.7.34031.279
MinimumVisualStudioVersion = 10.0.40219.1
Project("{8BC9CEB8-8B4A-11D0-8D11-00A0C91BC942}") = "Fibonacci", "Fibonacci\Fibonacci.vcxproj", "{C3C8E8C3-DD16-413C-A92A-A043A3D214A5}"
EndProject
Global
	GlobalSection(SolutionConfigurationPlatforms) = preSolution
		Debug|x64 = Debug|x64
		Debug|x86 = Debug|x86
		Release|x64 = Release|x64
		Release|x86 = Release|x86
	EndGlobalSection
	GlobalSection(ProjectConfigurationPlatforms) = postSolution
		{C3C8E8C3-DD16-413C-A92A-A043A3D214A5}.Debug|x64.ActiveCfg = Debug|x64
		{C3C8E8C3-DD16-413C-A92A-A043A3D214A5}.Debug|x64.Build.0 = Debug|x64
		{C3C8E8C3-DD16-413C-A92A-A043A3D214A5}.Debug|x86.ActiveCfg = Debug|Win32
		{C3C8E8C3-DD16-413C-A92A-A043A3D214A5}.Debug|x86.Build.0 = Debug|Win32
		{C3C8E8C3-DD16-413C-A92A-A043A3D214A5}.Release|x64.ActiveCfg = Release|x64
		{C3C8E8C3-DD16-413C-A92A-A043A3D214A5}.Release|x64.Build.0 = Release|x64
		{C3C8E8C3-DD16-413C-A92A-A043A3D214A5}.Release|x86.ActiveCfg = Release|Win32
		{C3C8E8C3-DD16-413C-A92A-A043A3D214A5}.Release|x86.Build.0 = Release|Win32
	EndGlobalSection
	GlobalSection(SolutionProperties) = preSolution
		HideSolutionNode = FALSE
	EndGlobalSection
	GlobalSection(ExtensibilityGlobals) = postSolution
		SolutionGuid = {DC5C0F90-19FD-419E-A696-75FFA87416D5}
	EndGlobalSection
EndGlobal
